<?xml version="1.0" encoding="UTF-8"?>
<CONFIG>
  <ProjectOptions>
    <Version Value="12"/>
    <PathDelim Value="\"/>
    <General>
      <SessionStorage Value="InProjectDir"/>
      <Title Value="projectFInalPedroA"/>
      <Scaled Value="True"/>
      <ResourceType Value="res"/>
      <UseXPManifest Value="True"/>
      <XPManifest>
        <DpiAware Value="True"/>
      </XPManifest>
      <Icon Value="0"/>
    </General>
    <BuildModes>
      <Item Name="Default" Default="True"/>
    </BuildModes>
    <PublishOptions>
      <Version Value="2"/>
      <UseFileFilters Value="True"/>
    </PublishOptions>
    <RunParams>
      <FormatVersion Value="2"/>
    </RunParams>
    <RequiredPackages>
      <Item>
        <PackageName Value="lazreport"/>
      </Item>
      <Item>
        <PackageName Value="FCL"/>
      </Item>
      <Item>
        <PackageName Value="zcomponentdesign"/>
      </Item>
      <Item>
        <PackageName Value="zcomponent"/>
      </Item>
      <Item>
        <PackageName Value="LCL"/>
      </Item>
    </RequiredPackages>
    <Units>
      <Unit>
        <Filename Value="projectFInalPedroA.lpr"/>
        <IsPartOfProject Value="True"/>
      </Unit>
      <Unit>
        <Filename Value="xcadpaiu.pas"/>
        <IsPartOfProject Value="True"/>
        <ComponentName Value="xCadPai"/>
        <HasResources Value="True"/>
        <ResourceBaseClass Value="Form"/>
        <UnitName Value="xCadPaiU"/>
      </Unit>
      <Unit>
        <Filename Value="datamoduleu.pas"/>
        <IsPartOfProject Value="True"/>
        <ComponentName Value="dataModuleMD"/>
        <HasResources Value="True"/>
        <ResourceBaseClass Value="DataModule"/>
        <UnitName Value="dataModuleU"/>
      </Unit>
      <Unit>
        <Filename Value="mainmenuu.pas"/>
        <IsPartOfProject Value="True"/>
        <ComponentName Value="mainMenuF"/>
        <HasResources Value="True"/>
        <ResourceBaseClass Value="Form"/>
        <UnitName Value="mainMenuU"/>
      </Unit>
      <Unit>
        <Filename Value="cadastrou.pas"/>
        <IsPartOfProject Value="True"/>
        <ComponentName Value="registerTabF"/>
        <HasResources Value="True"/>
        <ResourceBaseClass Value="Form"/>
        <UnitName Value="cadastroU"/>
      </Unit>
      <Unit>
        <Filename Value="cadcategoriau.pas"/>
        <IsPartOfProject Value="True"/>
        <ComponentName Value="cadCategoriasF"/>
        <HasResources Value="True"/>
        <ResourceBaseClass Value="Form"/>
        <UnitName Value="cadCategoriaU"/>
      </Unit>
      <Unit>
        <Filename Value="cadprodutosu.pas"/>
        <IsPartOfProject Value="True"/>
        <ComponentName Value="cadProdutosF"/>
        <HasResources Value="True"/>
        <ResourceBaseClass Value="Form"/>
        <UnitName Value="cadProdutosU"/>
      </Unit>
      <Unit>
        <Filename Value="selecadprodu.pas"/>
        <IsPartOfProject Value="True"/>
        <ComponentName Value="selectCadF"/>
        <HasResources Value="True"/>
        <ResourceBaseClass Value="Form"/>
        <UnitName Value="seleCadProdU"/>
      </Unit>
      <Unit>
        <Filename Value="cadusuariosu.pas"/>
        <IsPartOfProject Value="True"/>
        <ComponentName Value="cadUsuariosF"/>
        <HasResources Value="True"/>
        <ResourceBaseClass Value="Form"/>
        <UnitName Value="cadUsuariosU"/>
      </Unit>
      <Unit>
        <Filename Value="cadorcamentou.pas"/>
        <IsPartOfProject Value="True"/>
        <ComponentName Value="cadOrcamentoF"/>
        <HasResources Value="True"/>
        <ResourceBaseClass Value="Form"/>
        <UnitName Value="cadOrcamentoU"/>
      </Unit>
      <Unit>
        <Filename Value="seleclienteorcau.pas"/>
        <IsPartOfProject Value="True"/>
        <ComponentName Value="seleClienteOrcaF"/>
        <HasResources Value="True"/>
        <ResourceBaseClass Value="Form"/>
        <UnitName Value="seleClienteOrcaU"/>
      </Unit>
      <Unit>
        <Filename Value="selecprodorcau.pas"/>
        <IsPartOfProject Value="True"/>
        <ComponentName Value="selecProdOrcaF"/>
        <HasResources Value="True"/>
        <ResourceBaseClass Value="Form"/>
        <UnitName Value="selecProdOrcaU"/>
      </Unit>
      <Unit>
        <Filename Value="sobreu.pas"/>
        <IsPartOfProject Value="True"/>
        <ComponentName Value="sobreF"/>
        <HasResources Value="True"/>
        <ResourceBaseClass Value="Form"/>
        <UnitName Value="sobreU"/>
      </Unit>
      <Unit>
        <Filename Value="loginscreenu.pas"/>
        <IsPartOfProject Value="True"/>
        <ComponentName Value="loginScreenF"/>
        <HasResources Value="True"/>
        <ResourceBaseClass Value="Form"/>
        <UnitName Value="loginScreenU"/>
      </Unit>
      <Unit>
        <Filename Value="selecprodu.pas"/>
        <IsPartOfProject Value="True"/>
        <ComponentName Value="selecProdF"/>
        <HasResources Value="True"/>
        <ResourceBaseClass Value="Form"/>
        <UnitName Value="selecProdU"/>
      </Unit>
    </Units>
  </ProjectOptions>
  <CompilerOptions>
    <Version Value="11"/>
    <PathDelim Value="\"/>
    <Target>
      <Filename Value="projectFInalPedroA"/>
    </Target>
    <SearchPaths>
      <IncludeFiles Value="$(ProjOutDir)"/>
      <UnitOutputDirectory Value="lib\$(TargetCPU)-$(TargetOS)"/>
    </SearchPaths>
    <Linking>
      <Debugging>
        <DebugInfoType Value="dsDwarf3"/>
      </Debugging>
      <Options>
        <Win32>
          <GraphicApplication Value="True"/>
        </Win32>
      </Options>
    </Linking>
  </CompilerOptions>
  <Debugging>
    <Exceptions>
      <Item>
        <Name Value="EAbort"/>
      </Item>
      <Item>
        <Name Value="ECodetoolError"/>
      </Item>
      <Item>
        <Name Value="EFOpenError"/>
      </Item>
    </Exceptions>
  </Debugging>
</CONFIG>
